// !$*UTF8*$!
{
	archiveVersion = 1;
	classes = {
	};
	objectVersion = 51;
	objects = {

/* Begin PBXBuildFile section */
		3E5F42B0BB87BD90BC2A4B46 /* Pods_GetTodo.framework in Frameworks */ = {isa = PBXBuildFile; fileRef = 865AE7B2F71B138907346E91 /* Pods_GetTodo.framework */; };
		DFDD9F2C2569589E001DDDA0 /* AppDelegate.swift in Sources */ = {isa = PBXBuildFile; fileRef = DFDD9F2B2569589E001DDDA0 /* AppDelegate.swift */; };
		DFDD9F2E2569589E001DDDA0 /* SceneDelegate.swift in Sources */ = {isa = PBXBuildFile; fileRef = DFDD9F2D2569589E001DDDA0 /* SceneDelegate.swift */; };
		DFDD9F302569589E001DDDA0 /* HomeViewController.swift in Sources */ = {isa = PBXBuildFile; fileRef = DFDD9F2F2569589E001DDDA0 /* HomeViewController.swift */; };
		DFDD9F35256958A0001DDDA0 /* Assets.xcassets in Resources */ = {isa = PBXBuildFile; fileRef = DFDD9F34256958A0001DDDA0 /* Assets.xcassets */; };
		DFDD9F38256958A0001DDDA0 /* LaunchScreen.storyboard in Resources */ = {isa = PBXBuildFile; fileRef = DFDD9F36256958A0001DDDA0 /* LaunchScreen.storyboard */; };
		DFDD9F4425696043001DDDA0 /* AddTask.storyboard in Resources */ = {isa = PBXBuildFile; fileRef = DFDD9F4325696043001DDDA0 /* AddTask.storyboard */; };
		DFDD9F462569605E001DDDA0 /* Home.storyboard in Resources */ = {isa = PBXBuildFile; fileRef = DFDD9F452569605E001DDDA0 /* Home.storyboard */; };
		DFDD9F4A256962DE001DDDA0 /* RealmService.swift in Sources */ = {isa = PBXBuildFile; fileRef = DFDD9F49256962DE001DDDA0 /* RealmService.swift */; };
		DFDD9F4C2569637D001DDDA0 /* RealmObjectAdapter.swift in Sources */ = {isa = PBXBuildFile; fileRef = DFDD9F4B2569637D001DDDA0 /* RealmObjectAdapter.swift */; };
		DFDD9F5125696552001DDDA0 /* CategoryModel.swift in Sources */ = {isa = PBXBuildFile; fileRef = DFDD9F5025696552001DDDA0 /* CategoryModel.swift */; };
		DFDD9F5425696563001DDDA0 /* TaskModel.swift in Sources */ = {isa = PBXBuildFile; fileRef = DFDD9F5325696563001DDDA0 /* TaskModel.swift */; };
		DFDD9F562569656D001DDDA0 /* UserModel.swift in Sources */ = {isa = PBXBuildFile; fileRef = DFDD9F552569656D001DDDA0 /* UserModel.swift */; };
		DFDD9F59256968F7001DDDA0 /* TaskItem.swift in Sources */ = {isa = PBXBuildFile; fileRef = DFDD9F58256968F7001DDDA0 /* TaskItem.swift */; };
		DFDD9F5B2569691F001DDDA0 /* UserItem.swift in Sources */ = {isa = PBXBuildFile; fileRef = DFDD9F5A2569691F001DDDA0 /* UserItem.swift */; };
		DFDD9F5D25696A79001DDDA0 /* CategoryItem.swift in Sources */ = {isa = PBXBuildFile; fileRef = DFDD9F5C25696A79001DDDA0 /* CategoryItem.swift */; };
		DFDD9F6B25696DE5001DDDA0 /* CategoryProvider.swift in Sources */ = {isa = PBXBuildFile; fileRef = DFDD9F6A25696DE5001DDDA0 /* CategoryProvider.swift */; };
		DFDD9F6E25697187001DDDA0 /* CategoryNotifier.swift in Sources */ = {isa = PBXBuildFile; fileRef = DFDD9F6D25697187001DDDA0 /* CategoryNotifier.swift */; };
		DFDD9F7625698BC7001DDDA0 /* CategoriesCollectionViewCell.swift in Sources */ = {isa = PBXBuildFile; fileRef = DFDD9F7425698BC7001DDDA0 /* CategoriesCollectionViewCell.swift */; };
		DFDD9F7725698BC7001DDDA0 /* CategoriesCollectionViewCell.xib in Resources */ = {isa = PBXBuildFile; fileRef = DFDD9F7525698BC7001DDDA0 /* CategoriesCollectionViewCell.xib */; };
		DFDD9F7925698DAC001DDDA0 /* UICollectionView.swift in Sources */ = {isa = PBXBuildFile; fileRef = DFDD9F7825698DAC001DDDA0 /* UICollectionView.swift */; };
		DFDD9F8525698FD9001DDDA0 /* UIStoryboard.swift in Sources */ = {isa = PBXBuildFile; fileRef = DFDD9F8425698FD9001DDDA0 /* UIStoryboard.swift */; };
		DFDD9F8725699012001DDDA0 /* UITableView.swift in Sources */ = {isa = PBXBuildFile; fileRef = DFDD9F8625699012001DDDA0 /* UITableView.swift */; };
		DFDD9F892569902D001DDDA0 /* UINib.swift in Sources */ = {isa = PBXBuildFile; fileRef = DFDD9F882569902D001DDDA0 /* UINib.swift */; };
		DFDD9F8B25699D16001DDDA0 /* ColumnFlowLayout.swift in Sources */ = {isa = PBXBuildFile; fileRef = DFDD9F8A25699D16001DDDA0 /* ColumnFlowLayout.swift */; };
		DFDD9F8D2569A3A2001DDDA0 /* UIColor.swift in Sources */ = {isa = PBXBuildFile; fileRef = DFDD9F8C2569A3A2001DDDA0 /* UIColor.swift */; };
		DFDD9F902569ADDA001DDDA0 /* CategoryDetailViewController.swift in Sources */ = {isa = PBXBuildFile; fileRef = DFDD9F8F2569ADDA001DDDA0 /* CategoryDetailViewController.swift */; };
		DFDD9F922569ADEA001DDDA0 /* Category.storyboard in Resources */ = {isa = PBXBuildFile; fileRef = DFDD9F912569ADEA001DDDA0 /* Category.storyboard */; };
		DFDD9F952569B070001DDDA0 /* UIView.swift in Sources */ = {isa = PBXBuildFile; fileRef = DFDD9F942569B06F001DDDA0 /* UIView.swift */; };
		DFDD9F97256A44D1001DDDA0 /* TaskProvider.swift in Sources */ = {isa = PBXBuildFile; fileRef = DFDD9F96256A44D1001DDDA0 /* TaskProvider.swift */; };
		DFDD9F99256A44E0001DDDA0 /* TaskNotifier.swift in Sources */ = {isa = PBXBuildFile; fileRef = DFDD9F98256A44E0001DDDA0 /* TaskNotifier.swift */; };
		DFDD9F9B256A46BA001DDDA0 /* AddTaskViewController.swift in Sources */ = {isa = PBXBuildFile; fileRef = DFDD9F9A256A46BA001DDDA0 /* AddTaskViewController.swift */; };
/* End PBXBuildFile section */

/* Begin PBXFileReference section */
		54E67E688D5176E9D4433A68 /* Pods-GetTodo.debug.xcconfig */ = {isa = PBXFileReference; includeInIndex = 1; lastKnownFileType = text.xcconfig; name = "Pods-GetTodo.debug.xcconfig"; path = "Target Support Files/Pods-GetTodo/Pods-GetTodo.debug.xcconfig"; sourceTree = "<group>"; };
		865AE7B2F71B138907346E91 /* Pods_GetTodo.framework */ = {isa = PBXFileReference; explicitFileType = wrapper.framework; includeInIndex = 0; path = Pods_GetTodo.framework; sourceTree = BUILT_PRODUCTS_DIR; };
		DF3A8CAF8FEE3C4645BF8476 /* Pods-GetTodo.release.xcconfig */ = {isa = PBXFileReference; includeInIndex = 1; lastKnownFileType = text.xcconfig; name = "Pods-GetTodo.release.xcconfig"; path = "Target Support Files/Pods-GetTodo/Pods-GetTodo.release.xcconfig"; sourceTree = "<group>"; };
		DFDD9F282569589E001DDDA0 /* GetTodo.app */ = {isa = PBXFileReference; explicitFileType = wrapper.application; includeInIndex = 0; path = GetTodo.app; sourceTree = BUILT_PRODUCTS_DIR; };
		DFDD9F2B2569589E001DDDA0 /* AppDelegate.swift */ = {isa = PBXFileReference; lastKnownFileType = sourcecode.swift; path = AppDelegate.swift; sourceTree = "<group>"; };
		DFDD9F2D2569589E001DDDA0 /* SceneDelegate.swift */ = {isa = PBXFileReference; lastKnownFileType = sourcecode.swift; path = SceneDelegate.swift; sourceTree = "<group>"; };
		DFDD9F2F2569589E001DDDA0 /* HomeViewController.swift */ = {isa = PBXFileReference; lastKnownFileType = sourcecode.swift; path = HomeViewController.swift; sourceTree = "<group>"; };
		DFDD9F34256958A0001DDDA0 /* Assets.xcassets */ = {isa = PBXFileReference; lastKnownFileType = folder.assetcatalog; path = Assets.xcassets; sourceTree = "<group>"; };
		DFDD9F37256958A0001DDDA0 /* Base */ = {isa = PBXFileReference; lastKnownFileType = file.storyboard; name = Base; path = Base.lproj/LaunchScreen.storyboard; sourceTree = "<group>"; };
		DFDD9F39256958A0001DDDA0 /* Info.plist */ = {isa = PBXFileReference; lastKnownFileType = text.plist.xml; path = Info.plist; sourceTree = "<group>"; };
		DFDD9F4325696043001DDDA0 /* AddTask.storyboard */ = {isa = PBXFileReference; lastKnownFileType = file.storyboard; path = AddTask.storyboard; sourceTree = "<group>"; };
		DFDD9F452569605E001DDDA0 /* Home.storyboard */ = {isa = PBXFileReference; lastKnownFileType = file.storyboard; path = Home.storyboard; sourceTree = "<group>"; };
		DFDD9F49256962DE001DDDA0 /* RealmService.swift */ = {isa = PBXFileReference; lastKnownFileType = sourcecode.swift; path = RealmService.swift; sourceTree = "<group>"; };
		DFDD9F4B2569637D001DDDA0 /* RealmObjectAdapter.swift */ = {isa = PBXFileReference; lastKnownFileType = sourcecode.swift; path = RealmObjectAdapter.swift; sourceTree = "<group>"; };
		DFDD9F5025696552001DDDA0 /* CategoryModel.swift */ = {isa = PBXFileReference; lastKnownFileType = sourcecode.swift; path = CategoryModel.swift; sourceTree = "<group>"; };
		DFDD9F5325696563001DDDA0 /* TaskModel.swift */ = {isa = PBXFileReference; lastKnownFileType = sourcecode.swift; path = TaskModel.swift; sourceTree = "<group>"; };
		DFDD9F552569656D001DDDA0 /* UserModel.swift */ = {isa = PBXFileReference; lastKnownFileType = sourcecode.swift; path = UserModel.swift; sourceTree = "<group>"; };
		DFDD9F58256968F7001DDDA0 /* TaskItem.swift */ = {isa = PBXFileReference; lastKnownFileType = sourcecode.swift; path = TaskItem.swift; sourceTree = "<group>"; };
		DFDD9F5A2569691F001DDDA0 /* UserItem.swift */ = {isa = PBXFileReference; lastKnownFileType = sourcecode.swift; path = UserItem.swift; sourceTree = "<group>"; };
		DFDD9F5C25696A79001DDDA0 /* CategoryItem.swift */ = {isa = PBXFileReference; lastKnownFileType = sourcecode.swift; path = CategoryItem.swift; sourceTree = "<group>"; };
		DFDD9F6A25696DE5001DDDA0 /* CategoryProvider.swift */ = {isa = PBXFileReference; lastKnownFileType = sourcecode.swift; path = CategoryProvider.swift; sourceTree = "<group>"; };
		DFDD9F6D25697187001DDDA0 /* CategoryNotifier.swift */ = {isa = PBXFileReference; lastKnownFileType = sourcecode.swift; path = CategoryNotifier.swift; sourceTree = "<group>"; };
		DFDD9F7425698BC7001DDDA0 /* CategoriesCollectionViewCell.swift */ = {isa = PBXFileReference; lastKnownFileType = sourcecode.swift; path = CategoriesCollectionViewCell.swift; sourceTree = "<group>"; };
		DFDD9F7525698BC7001DDDA0 /* CategoriesCollectionViewCell.xib */ = {isa = PBXFileReference; lastKnownFileType = file.xib; path = CategoriesCollectionViewCell.xib; sourceTree = "<group>"; };
		DFDD9F7825698DAC001DDDA0 /* UICollectionView.swift */ = {isa = PBXFileReference; lastKnownFileType = sourcecode.swift; path = UICollectionView.swift; sourceTree = "<group>"; };
		DFDD9F8425698FD9001DDDA0 /* UIStoryboard.swift */ = {isa = PBXFileReference; lastKnownFileType = sourcecode.swift; path = UIStoryboard.swift; sourceTree = "<group>"; };
		DFDD9F8625699012001DDDA0 /* UITableView.swift */ = {isa = PBXFileReference; lastKnownFileType = sourcecode.swift; path = UITableView.swift; sourceTree = "<group>"; };
		DFDD9F882569902D001DDDA0 /* UINib.swift */ = {isa = PBXFileReference; lastKnownFileType = sourcecode.swift; path = UINib.swift; sourceTree = "<group>"; };
		DFDD9F8A25699D16001DDDA0 /* ColumnFlowLayout.swift */ = {isa = PBXFileReference; lastKnownFileType = sourcecode.swift; path = ColumnFlowLayout.swift; sourceTree = "<group>"; };
		DFDD9F8C2569A3A2001DDDA0 /* UIColor.swift */ = {isa = PBXFileReference; lastKnownFileType = sourcecode.swift; path = UIColor.swift; sourceTree = "<group>"; };
		DFDD9F8F2569ADDA001DDDA0 /* CategoryDetailViewController.swift */ = {isa = PBXFileReference; lastKnownFileType = sourcecode.swift; path = CategoryDetailViewController.swift; sourceTree = "<group>"; };
		DFDD9F912569ADEA001DDDA0 /* Category.storyboard */ = {isa = PBXFileReference; lastKnownFileType = file.storyboard; path = Category.storyboard; sourceTree = "<group>"; };
		DFDD9F942569B06F001DDDA0 /* UIView.swift */ = {isa = PBXFileReference; lastKnownFileType = sourcecode.swift; path = UIView.swift; sourceTree = "<group>"; };
		DFDD9F96256A44D1001DDDA0 /* TaskProvider.swift */ = {isa = PBXFileReference; lastKnownFileType = sourcecode.swift; path = TaskProvider.swift; sourceTree = "<group>"; };
		DFDD9F98256A44E0001DDDA0 /* TaskNotifier.swift */ = {isa = PBXFileReference; lastKnownFileType = sourcecode.swift; path = TaskNotifier.swift; sourceTree = "<group>"; };
		DFDD9F9A256A46BA001DDDA0 /* AddTaskViewController.swift */ = {isa = PBXFileReference; lastKnownFileType = sourcecode.swift; path = AddTaskViewController.swift; sourceTree = "<group>"; };
/* End PBXFileReference section */

/* Begin PBXFrameworksBuildPhase section */
		DFDD9F252569589E001DDDA0 /* Frameworks */ = {
			isa = PBXFrameworksBuildPhase;
			buildActionMask = 2147483647;
			files = (
				3E5F42B0BB87BD90BC2A4B46 /* Pods_GetTodo.framework in Frameworks */,
			);
			runOnlyForDeploymentPostprocessing = 0;
		};
/* End PBXFrameworksBuildPhase section */

/* Begin PBXGroup section */
		58AE4603BDD9B9B21540C3F0 /* Frameworks */ = {
			isa = PBXGroup;
			children = (
				865AE7B2F71B138907346E91 /* Pods_GetTodo.framework */,
			);
			name = Frameworks;
			sourceTree = "<group>";
		};
		AFE35DA6BF651C309DB28F0F /* Pods */ = {
			isa = PBXGroup;
			children = (
				54E67E688D5176E9D4433A68 /* Pods-GetTodo.debug.xcconfig */,
				DF3A8CAF8FEE3C4645BF8476 /* Pods-GetTodo.release.xcconfig */,
			);
			path = Pods;
			sourceTree = "<group>";
		};
		DFDD9F1F2569589E001DDDA0 = {
			isa = PBXGroup;
			children = (
				DFDD9F2A2569589E001DDDA0 /* GetTodo */,
				DFDD9F292569589E001DDDA0 /* Products */,
				AFE35DA6BF651C309DB28F0F /* Pods */,
				58AE4603BDD9B9B21540C3F0 /* Frameworks */,
			);
			sourceTree = "<group>";
		};
		DFDD9F292569589E001DDDA0 /* Products */ = {
			isa = PBXGroup;
			children = (
				DFDD9F282569589E001DDDA0 /* GetTodo.app */,
			);
			name = Products;
			sourceTree = "<group>";
		};
		DFDD9F2A2569589E001DDDA0 /* GetTodo */ = {
			isa = PBXGroup;
			children = (
				DFDD9F6F25698144001DDDA0 /* Utils */,
				DFDD9F472569611A001DDDA0 /* Common */,
				DFDD9F4025695FF4001DDDA0 /* Controllers */,
				DFDD9F3F25695F78001DDDA0 /* Resources */,
				DFDD9F2B2569589E001DDDA0 /* AppDelegate.swift */,
				DFDD9F2D2569589E001DDDA0 /* SceneDelegate.swift */,
				DFDD9F36256958A0001DDDA0 /* LaunchScreen.storyboard */,
				DFDD9F39256958A0001DDDA0 /* Info.plist */,
			);
			path = GetTodo;
			sourceTree = "<group>";
		};
		DFDD9F3F25695F78001DDDA0 /* Resources */ = {
			isa = PBXGroup;
			children = (
				DFDD9F34256958A0001DDDA0 /* Assets.xcassets */,
			);
			path = Resources;
			sourceTree = "<group>";
		};
		DFDD9F4025695FF4001DDDA0 /* Controllers */ = {
			isa = PBXGroup;
			children = (
				DFDD9F8E2569ADBA001DDDA0 /* CategoryDetail */,
				DFDD9F4225696024001DDDA0 /* AddTask */,
				DFDD9F412569601E001DDDA0 /* Home */,
			);
			path = Controllers;
			sourceTree = "<group>";
		};
		DFDD9F412569601E001DDDA0 /* Home */ = {
			isa = PBXGroup;
			children = (
				DFDD9F2F2569589E001DDDA0 /* HomeViewController.swift */,
				DFDD9F452569605E001DDDA0 /* Home.storyboard */,
			);
			path = Home;
			sourceTree = "<group>";
		};
		DFDD9F4225696024001DDDA0 /* AddTask */ = {
			isa = PBXGroup;
			children = (
				DFDD9F4325696043001DDDA0 /* AddTask.storyboard */,
				DFDD9F9A256A46BA001DDDA0 /* AddTaskViewController.swift */,
			);
			path = AddTask;
			sourceTree = "<group>";
		};
		DFDD9F472569611A001DDDA0 /* Common */ = {
			isa = PBXGroup;
			children = (
				DFDD9F7225698B85001DDDA0 /* Views */,
				DFDD9F6C25697176001DDDA0 /* Notifiers */,
				DFDD9F6925696DD1001DDDA0 /* Providers */,
				DFDD9F6625696B93001DDDA0 /* Services */,
				DFDD9F4D256964E0001DDDA0 /* Domain */,
				DFDD9F48256962BA001DDDA0 /* Realm */,
			);
			path = Common;
			sourceTree = "<group>";
		};
		DFDD9F48256962BA001DDDA0 /* Realm */ = {
			isa = PBXGroup;
			children = (
				DFDD9F49256962DE001DDDA0 /* RealmService.swift */,
				DFDD9F4B2569637D001DDDA0 /* RealmObjectAdapter.swift */,
			);
			path = Realm;
			sourceTree = "<group>";
		};
		DFDD9F4D256964E0001DDDA0 /* Domain */ = {
			isa = PBXGroup;
			children = (
				DFDD9F57256968CB001DDDA0 /* ItemModels */,
				DFDD9F4F25696527001DDDA0 /* Database */,
			);
			path = Domain;
			sourceTree = "<group>";
		};
		DFDD9F4F25696527001DDDA0 /* Database */ = {
			isa = PBXGroup;
			children = (
				DFDD9F5025696552001DDDA0 /* CategoryModel.swift */,
				DFDD9F5325696563001DDDA0 /* TaskModel.swift */,
				DFDD9F552569656D001DDDA0 /* UserModel.swift */,
			);
			path = Database;
			sourceTree = "<group>";
		};
		DFDD9F57256968CB001DDDA0 /* ItemModels */ = {
			isa = PBXGroup;
			children = (
				DFDD9F58256968F7001DDDA0 /* TaskItem.swift */,
				DFDD9F5A2569691F001DDDA0 /* UserItem.swift */,
				DFDD9F5C25696A79001DDDA0 /* CategoryItem.swift */,
			);
			path = ItemModels;
			sourceTree = "<group>";
		};
		DFDD9F6625696B93001DDDA0 /* Services */ = {
			isa = PBXGroup;
			children = (
			);
			path = Services;
			sourceTree = "<group>";
		};
		DFDD9F6925696DD1001DDDA0 /* Providers */ = {
			isa = PBXGroup;
			children = (
				DFDD9F6A25696DE5001DDDA0 /* CategoryProvider.swift */,
				DFDD9F96256A44D1001DDDA0 /* TaskProvider.swift */,
			);
			path = Providers;
			sourceTree = "<group>";
		};
		DFDD9F6C25697176001DDDA0 /* Notifiers */ = {
			isa = PBXGroup;
			children = (
				DFDD9F6D25697187001DDDA0 /* CategoryNotifier.swift */,
				DFDD9F98256A44E0001DDDA0 /* TaskNotifier.swift */,
			);
			path = Notifiers;
			sourceTree = "<group>";
		};
		DFDD9F6F25698144001DDDA0 /* Utils */ = {
			isa = PBXGroup;
			children = (
				DFDD9F7125698184001DDDA0 /* Extensions */,
				DFDD9F702569817D001DDDA0 /* CustomViews */,
			);
			path = Utils;
			sourceTree = "<group>";
		};
		DFDD9F702569817D001DDDA0 /* CustomViews */ = {
			isa = PBXGroup;
			children = (
				DFDD9F8A25699D16001DDDA0 /* ColumnFlowLayout.swift */,
			);
			path = CustomViews;
			sourceTree = "<group>";
		};
		DFDD9F7125698184001DDDA0 /* Extensions */ = {
			isa = PBXGroup;
			children = (
				DFDD9F7825698DAC001DDDA0 /* UICollectionView.swift */,
				DFDD9F8425698FD9001DDDA0 /* UIStoryboard.swift */,
				DFDD9F8625699012001DDDA0 /* UITableView.swift */,
				DFDD9F882569902D001DDDA0 /* UINib.swift */,
				DFDD9F8C2569A3A2001DDDA0 /* UIColor.swift */,
				DFDD9F942569B06F001DDDA0 /* UIView.swift */,
			);
			path = Extensions;
			sourceTree = "<group>";
		};
		DFDD9F7225698B85001DDDA0 /* Views */ = {
			isa = PBXGroup;
			children = (
				DFDD9F932569AE45001DDDA0 /* CategoryDetailCell */,
				DFDD9F7325698B8C001DDDA0 /* CategoriesCell */,
			);
			path = Views;
			sourceTree = "<group>";
		};
		DFDD9F7325698B8C001DDDA0 /* CategoriesCell */ = {
			isa = PBXGroup;
			children = (
				DFDD9F7425698BC7001DDDA0 /* CategoriesCollectionViewCell.swift */,
				DFDD9F7525698BC7001DDDA0 /* CategoriesCollectionViewCell.xib */,
			);
			path = CategoriesCell;
			sourceTree = "<group>";
		};
		DFDD9F8E2569ADBA001DDDA0 /* CategoryDetail */ = {
			isa = PBXGroup;
			children = (
				DFDD9F8F2569ADDA001DDDA0 /* CategoryDetailViewController.swift */,
				DFDD9F912569ADEA001DDDA0 /* Category.storyboard */,
			);
			path = CategoryDetail;
			sourceTree = "<group>";
		};
		DFDD9F932569AE45001DDDA0 /* CategoryDetailCell */ = {
			isa = PBXGroup;
			children = (
			);
			path = CategoryDetailCell;
			sourceTree = "<group>";
		};
/* End PBXGroup section */

/* Begin PBXNativeTarget section */
		DFDD9F272569589E001DDDA0 /* GetTodo */ = {
			isa = PBXNativeTarget;
			buildConfigurationList = DFDD9F3C256958A0001DDDA0 /* Build configuration list for PBXNativeTarget "GetTodo" */;
			buildPhases = (
				FA46C2341F8BB4F1B086037E /* [CP] Check Pods Manifest.lock */,
				DFDD9F242569589E001DDDA0 /* Sources */,
				DFDD9F252569589E001DDDA0 /* Frameworks */,
				DFDD9F262569589E001DDDA0 /* Resources */,
				403FA827533D8AA822340776 /* [CP] Embed Pods Frameworks */,
			);
			buildRules = (
			);
			dependencies = (
			);
			name = GetTodo;
			productName = GetTodo;
			productReference = DFDD9F282569589E001DDDA0 /* GetTodo.app */;
			productType = "com.apple.product-type.application";
		};
/* End PBXNativeTarget section */

/* Begin PBXProject section */
		DFDD9F202569589E001DDDA0 /* Project object */ = {
			isa = PBXProject;
			attributes = {
				LastSwiftUpdateCheck = 1160;
				LastUpgradeCheck = 1160;
				ORGANIZATIONNAME = "Batuhan Göbekli";
				TargetAttributes = {
					DFDD9F272569589E001DDDA0 = {
						CreatedOnToolsVersion = 11.6;
					};
				};
			};
			buildConfigurationList = DFDD9F232569589E001DDDA0 /* Build configuration list for PBXProject "GetTodo" */;
			compatibilityVersion = "Xcode 9.3";
			developmentRegion = en;
			hasScannedForEncodings = 0;
			knownRegions = (
				en,
				Base,
			);
			mainGroup = DFDD9F1F2569589E001DDDA0;
			productRefGroup = DFDD9F292569589E001DDDA0 /* Products */;
			projectDirPath = "";
			projectRoot = "";
			targets = (
				DFDD9F272569589E001DDDA0 /* GetTodo */,
			);
		};
/* End PBXProject section */

/* Begin PBXResourcesBuildPhase section */
		DFDD9F262569589E001DDDA0 /* Resources */ = {
			isa = PBXResourcesBuildPhase;
			buildActionMask = 2147483647;
			files = (
				DFDD9F922569ADEA001DDDA0 /* Category.storyboard in Resources */,
				DFDD9F38256958A0001DDDA0 /* LaunchScreen.storyboard in Resources */,
				DFDD9F7725698BC7001DDDA0 /* CategoriesCollectionViewCell.xib in Resources */,
				DFDD9F462569605E001DDDA0 /* Home.storyboard in Resources */,
				DFDD9F4425696043001DDDA0 /* AddTask.storyboard in Resources */,
				DFDD9F35256958A0001DDDA0 /* Assets.xcassets in Resources */,
			);
			runOnlyForDeploymentPostprocessing = 0;
		};
/* End PBXResourcesBuildPhase section */

/* Begin PBXShellScriptBuildPhase section */
		403FA827533D8AA822340776 /* [CP] Embed Pods Frameworks */ = {
			isa = PBXShellScriptBuildPhase;
			buildActionMask = 2147483647;
			files = (
			);
			inputFileListPaths = (
				"${PODS_ROOT}/Target Support Files/Pods-GetTodo/Pods-GetTodo-frameworks-${CONFIGURATION}-input-files.xcfilelist",
			);
			name = "[CP] Embed Pods Frameworks";
			outputFileListPaths = (
				"${PODS_ROOT}/Target Support Files/Pods-GetTodo/Pods-GetTodo-frameworks-${CONFIGURATION}-output-files.xcfilelist",
			);
			runOnlyForDeploymentPostprocessing = 0;
			shellPath = /bin/sh;
			shellScript = "\"${PODS_ROOT}/Target Support Files/Pods-GetTodo/Pods-GetTodo-frameworks.sh\"\n";
			showEnvVarsInLog = 0;
		};
		FA46C2341F8BB4F1B086037E /* [CP] Check Pods Manifest.lock */ = {
			isa = PBXShellScriptBuildPhase;
			buildActionMask = 2147483647;
			files = (
			);
			inputFileListPaths = (
			);
			inputPaths = (
				"${PODS_PODFILE_DIR_PATH}/Podfile.lock",
				"${PODS_ROOT}/Manifest.lock",
			);
			name = "[CP] Check Pods Manifest.lock";
			outputFileListPaths = (
			);
			outputPaths = (
				"$(DERIVED_FILE_DIR)/Pods-GetTodo-checkManifestLockResult.txt",
			);
			runOnlyForDeploymentPostprocessing = 0;
			shellPath = /bin/sh;
			shellScript = "diff \"${PODS_PODFILE_DIR_PATH}/Podfile.lock\" \"${PODS_ROOT}/Manifest.lock\" > /dev/null\nif [ $? != 0 ] ; then\n    # print error to STDERR\n    echo \"error: The sandbox is not in sync with the Podfile.lock. Run 'pod install' or update your CocoaPods installation.\" >&2\n    exit 1\nfi\n# This output is used by Xcode 'outputs' to avoid re-running this script phase.\necho \"SUCCESS\" > \"${SCRIPT_OUTPUT_FILE_0}\"\n";
			showEnvVarsInLog = 0;
		};
/* End PBXShellScriptBuildPhase section */

/* Begin PBXSourcesBuildPhase section */
		DFDD9F242569589E001DDDA0 /* Sources */ = {
			isa = PBXSourcesBuildPhase;
			buildActionMask = 2147483647;
			files = (
				DFDD9F7925698DAC001DDDA0 /* UICollectionView.swift in Sources */,
				DFDD9F302569589E001DDDA0 /* HomeViewController.swift in Sources */,
				DFDD9F952569B070001DDDA0 /* UIView.swift in Sources */,
				DFDD9F5125696552001DDDA0 /* CategoryModel.swift in Sources */,
				DFDD9F9B256A46BA001DDDA0 /* AddTaskViewController.swift in Sources */,
				DFDD9F562569656D001DDDA0 /* UserModel.swift in Sources */,
				DFDD9F2C2569589E001DDDA0 /* AppDelegate.swift in Sources */,
				DFDD9F6E25697187001DDDA0 /* CategoryNotifier.swift in Sources */,
				DFDD9F902569ADDA001DDDA0 /* CategoryDetailViewController.swift in Sources */,
				DFDD9F59256968F7001DDDA0 /* TaskItem.swift in Sources */,
				DFDD9F5B2569691F001DDDA0 /* UserItem.swift in Sources */,
				DFDD9F4C2569637D001DDDA0 /* RealmObjectAdapter.swift in Sources */,
				DFDD9F8D2569A3A2001DDDA0 /* UIColor.swift in Sources */,
				DFDD9F8525698FD9001DDDA0 /* UIStoryboard.swift in Sources */,
				DFDD9F97256A44D1001DDDA0 /* TaskProvider.swift in Sources */,
				DFDD9F7625698BC7001DDDA0 /* CategoriesCollectionViewCell.swift in Sources */,
				DFDD9F892569902D001DDDA0 /* UINib.swift in Sources */,
				DFDD9F99256A44E0001DDDA0 /* TaskNotifier.swift in Sources */,
				DFDD9F8725699012001DDDA0 /* UITableView.swift in Sources */,
				DFDD9F6B25696DE5001DDDA0 /* CategoryProvider.swift in Sources */,
				DFDD9F2E2569589E001DDDA0 /* SceneDelegate.swift in Sources */,
				DFDD9F4A256962DE001DDDA0 /* RealmService.swift in Sources */,
				DFDD9F8B25699D16001DDDA0 /* ColumnFlowLayout.swift in Sources */,
				DFDD9F5D25696A79001DDDA0 /* CategoryItem.swift in Sources */,
				DFDD9F5425696563001DDDA0 /* TaskModel.swift in Sources */,
			);
			runOnlyForDeploymentPostprocessing = 0;
		};
/* End PBXSourcesBuildPhase section */

/* Begin PBXVariantGroup section */
		DFDD9F36256958A0001DDDA0 /* LaunchScreen.storyboard */ = {
			isa = PBXVariantGroup;
			children = (
				DFDD9F37256958A0001DDDA0 /* Base */,
			);
			name = LaunchScreen.storyboard;
			sourceTree = "<group>";
		};
/* End PBXVariantGroup section */

/* Begin XCBuildConfiguration section */
		DFDD9F3A256958A0001DDDA0 /* Debug */ = {
			isa = XCBuildConfiguration;
			buildSettings = {
				ALWAYS_SEARCH_USER_PATHS = NO;
				CLANG_ANALYZER_NONNULL = YES;
				CLANG_ANALYZER_NUMBER_OBJECT_CONVERSION = YES_AGGRESSIVE;
				CLANG_CXX_LANGUAGE_STANDARD = "gnu++14";
				CLANG_CXX_LIBRARY = "libc++";
				CLANG_ENABLE_MODULES = YES;
				CLANG_ENABLE_OBJC_ARC = YES;
				CLANG_ENABLE_OBJC_WEAK = YES;
				CLANG_WARN_BLOCK_CAPTURE_AUTORELEASING = YES;
				CLANG_WARN_BOOL_CONVERSION = YES;
				CLANG_WARN_COMMA = YES;
				CLANG_WARN_CONSTANT_CONVERSION = YES;
				CLANG_WARN_DEPRECATED_OBJC_IMPLEMENTATIONS = YES;
				CLANG_WARN_DIRECT_OBJC_ISA_USAGE = YES_ERROR;
				CLANG_WARN_DOCUMENTATION_COMMENTS = YES;
				CLANG_WARN_EMPTY_BODY = YES;
				CLANG_WARN_ENUM_CONVERSION = YES;
				CLANG_WARN_INFINITE_RECURSION = YES;
				CLANG_WARN_INT_CONVERSION = YES;
				CLANG_WARN_NON_LITERAL_NULL_CONVERSION = YES;
				CLANG_WARN_OBJC_IMPLICIT_RETAIN_SELF = YES;
				CLANG_WARN_OBJC_LITERAL_CONVERSION = YES;
				CLANG_WARN_OBJC_ROOT_CLASS = YES_ERROR;
				CLANG_WARN_RANGE_LOOP_ANALYSIS = YES;
				CLANG_WARN_STRICT_PROTOTYPES = YES;
				CLANG_WARN_SUSPICIOUS_MOVE = YES;
				CLANG_WARN_UNGUARDED_AVAILABILITY = YES_AGGRESSIVE;
				CLANG_WARN_UNREACHABLE_CODE = YES;
				CLANG_WARN__DUPLICATE_METHOD_MATCH = YES;
				COPY_PHASE_STRIP = NO;
				DEBUG_INFORMATION_FORMAT = dwarf;
				ENABLE_STRICT_OBJC_MSGSEND = YES;
				ENABLE_TESTABILITY = YES;
				GCC_C_LANGUAGE_STANDARD = gnu11;
				GCC_DYNAMIC_NO_PIC = NO;
				GCC_NO_COMMON_BLOCKS = YES;
				GCC_OPTIMIZATION_LEVEL = 0;
				GCC_PREPROCESSOR_DEFINITIONS = (
					"DEBUG=1",
					"$(inherited)",
				);
				GCC_WARN_64_TO_32_BIT_CONVERSION = YES;
				GCC_WARN_ABOUT_RETURN_TYPE = YES_ERROR;
				GCC_WARN_UNDECLARED_SELECTOR = YES;
				GCC_WARN_UNINITIALIZED_AUTOS = YES_AGGRESSIVE;
				GCC_WARN_UNUSED_FUNCTION = YES;
				GCC_WARN_UNUSED_VARIABLE = YES;
				IPHONEOS_DEPLOYMENT_TARGET = 13.0;
				MTL_ENABLE_DEBUG_INFO = INCLUDE_SOURCE;
				MTL_FAST_MATH = YES;
				ONLY_ACTIVE_ARCH = YES;
				SDKROOT = iphoneos;
				SWIFT_ACTIVE_COMPILATION_CONDITIONS = DEBUG;
				SWIFT_OPTIMIZATION_LEVEL = "-Onone";
			};
			name = Debug;
		};
		DFDD9F3B256958A0001DDDA0 /* Release */ = {
			isa = XCBuildConfiguration;
			buildSettings = {
				ALWAYS_SEARCH_USER_PATHS = NO;
				CLANG_ANALYZER_NONNULL = YES;
				CLANG_ANALYZER_NUMBER_OBJECT_CONVERSION = YES_AGGRESSIVE;
				CLANG_CXX_LANGUAGE_STANDARD = "gnu++14";
				CLANG_CXX_LIBRARY = "libc++";
				CLANG_ENABLE_MODULES = YES;
				CLANG_ENABLE_OBJC_ARC = YES;
				CLANG_ENABLE_OBJC_WEAK = YES;
				CLANG_WARN_BLOCK_CAPTURE_AUTORELEASING = YES;
				CLANG_WARN_BOOL_CONVERSION = YES;
				CLANG_WARN_COMMA = YES;
				CLANG_WARN_CONSTANT_CONVERSION = YES;
				CLANG_WARN_DEPRECATED_OBJC_IMPLEMENTATIONS = YES;
				CLANG_WARN_DIRECT_OBJC_ISA_USAGE = YES_ERROR;
				CLANG_WARN_DOCUMENTATION_COMMENTS = YES;
				CLANG_WARN_EMPTY_BODY = YES;
				CLANG_WARN_ENUM_CONVERSION = YES;
				CLANG_WARN_INFINITE_RECURSION = YES;
				CLANG_WARN_INT_CONVERSION = YES;
				CLANG_WARN_NON_LITERAL_NULL_CONVERSION = YES;
				CLANG_WARN_OBJC_IMPLICIT_RETAIN_SELF = YES;
				CLANG_WARN_OBJC_LITERAL_CONVERSION = YES;
				CLANG_WARN_OBJC_ROOT_CLASS = YES_ERROR;
				CLANG_WARN_RANGE_LOOP_ANALYSIS = YES;
				CLANG_WARN_STRICT_PROTOTYPES = YES;
				CLANG_WARN_SUSPICIOUS_MOVE = YES;
				CLANG_WARN_UNGUARDED_AVAILABILITY = YES_AGGRESSIVE;
				CLANG_WARN_UNREACHABLE_CODE = YES;
				CLANG_WARN__DUPLICATE_METHOD_MATCH = YES;
				COPY_PHASE_STRIP = NO;
				DEBUG_INFORMATION_FORMAT = "dwarf-with-dsym";
				ENABLE_NS_ASSERTIONS = NO;
				ENABLE_STRICT_OBJC_MSGSEND = YES;
				GCC_C_LANGUAGE_STANDARD = gnu11;
				GCC_NO_COMMON_BLOCKS = YES;
				GCC_WARN_64_TO_32_BIT_CONVERSION = YES;
				GCC_WARN_ABOUT_RETURN_TYPE = YES_ERROR;
				GCC_WARN_UNDECLARED_SELECTOR = YES;
				GCC_WARN_UNINITIALIZED_AUTOS = YES_AGGRESSIVE;
				GCC_WARN_UNUSED_FUNCTION = YES;
				GCC_WARN_UNUSED_VARIABLE = YES;
				IPHONEOS_DEPLOYMENT_TARGET = 13.0;
				MTL_ENABLE_DEBUG_INFO = NO;
				MTL_FAST_MATH = YES;
				SDKROOT = iphoneos;
				SWIFT_COMPILATION_MODE = wholemodule;
				SWIFT_OPTIMIZATION_LEVEL = "-O";
				VALIDATE_PRODUCT = YES;
			};
			name = Release;
		};
		DFDD9F3D256958A0001DDDA0 /* Debug */ = {
			isa = XCBuildConfiguration;
			baseConfigurationReference = 54E67E688D5176E9D4433A68 /* Pods-GetTodo.debug.xcconfig */;
			buildSettings = {
				ASSETCATALOG_COMPILER_APPICON_NAME = AppIcon;
				CODE_SIGN_STYLE = Automatic;
				DEVELOPMENT_TEAM = Z7XXRUARTA;
				INFOPLIST_FILE = GetTodo/Info.plist;
				IPHONEOS_DEPLOYMENT_TARGET = 13.0;
				LD_RUNPATH_SEARCH_PATHS = (
					"$(inherited)",
					"@executable_path/Frameworks",
				);
				PRODUCT_BUNDLE_IDENTIFIER = batuhangobekli.GetTodo;
				PRODUCT_NAME = "$(TARGET_NAME)";
				SWIFT_VERSION = 5.0;
				TARGETED_DEVICE_FAMILY = "1,2";
			};
			name = Debug;
		};
		DFDD9F3E256958A0001DDDA0 /* Release */ = {
			isa = XCBuildConfiguration;
			baseConfigurationReference = DF3A8CAF8FEE3C4645BF8476 /* Pods-GetTodo.release.xcconfig */;
			buildSettings = {
				ASSETCATALOG_COMPILER_APPICON_NAME = AppIcon;
				CODE_SIGN_STYLE = Automatic;
				DEVELOPMENT_TEAM = Z7XXRUARTA;
				INFOPLIST_FILE = GetTodo/Info.plist;
				IPHONEOS_DEPLOYMENT_TARGET = 13.0;
				LD_RUNPATH_SEARCH_PATHS = (
					"$(inherited)",
					"@executable_path/Frameworks",
				);
				PRODUCT_BUNDLE_IDENTIFIER = batuhangobekli.GetTodo;
				PRODUCT_NAME = "$(TARGET_NAME)";
				SWIFT_VERSION = 5.0;
				TARGETED_DEVICE_FAMILY = "1,2";
			};
			name = Release;
		};
/* End XCBuildConfiguration section */

/* Begin XCConfigurationList section */
		DFDD9F232569589E001DDDA0 /* Build configuration list for PBXProject "GetTodo" */ = {
			isa = XCConfigurationList;
			buildConfigurations = (
				DFDD9F3A256958A0001DDDA0 /* Debug */,
				DFDD9F3B256958A0001DDDA0 /* Release */,
			);
			defaultConfigurationIsVisible = 0;
			defaultConfigurationName = Release;
		};
		DFDD9F3C256958A0001DDDA0 /* Build configuration list for PBXNativeTarget "GetTodo" */ = {
			isa = XCConfigurationList;
			buildConfigurations = (
				DFDD9F3D256958A0001DDDA0 /* Debug */,
				DFDD9F3E256958A0001DDDA0 /* Release */,
			);
			defaultConfigurationIsVisible = 0;
			defaultConfigurationName = Release;
		};
/* End XCConfigurationList section */
	};
	rootObject = DFDD9F202569589E001DDDA0 /* Project object */;
}
